{
  "name": "fu-tools",
  "version": "0.0.2",
  "lockfileVersion": 3,
  "requires": true,
  "packages": {
    "": {
      "name": "fu-tools",
      "version": "0.0.2",
      "license": "ISC",
      "devDependencies": {
        "test-a-bit": "^1.1.1"
      }
    },
    "node_modules/test-a-bit": {
      "version": "1.1.1",
      "resolved": "https://registry.npmjs.org/test-a-bit/-/test-a-bit-1.1.1.tgz",
      "integrity": "sha512-F+Zwwp+Bqv/UVfRAYGL8kKkFnDPk/lTXjnFhBugiRwgwclvClkXGJqdRzA4TvcDgN/uRxmNJzN+Nlw7ROogzHA==",
      "dev": true
    }
  }
}
